<?xml version="1.0" encoding="utf-8"?>
<Project ToolsVersion="4.0" xmlns="http://schemas.microsoft.com/developer/msbuild/2003">
  <ItemGroup>
    <Filter Include="Source Files">
      <UniqueIdentifier>{4FC737F1-C7A5-4376-A066-2A32D752A2FF}</UniqueIdentifier>
      <Extensions>cpp;c;cc;cxx;def;odl;idl;hpj;bat;asm;asmx</Extensions>
    </Filter>
    <Filter Include="Header Files">
      <UniqueIdentifier>{93995380-89BD-4b04-88EB-625FBE52EBFB}</UniqueIdentifier>
      <Extensions>h;hh;hpp;hxx;hm;inl;inc;xsd</Extensions>
    </Filter>
    <Filter Include="Resource Files">
      <UniqueIdentifier>{67DA6AB6-F800-4c08-8B7A-83BB121AAD01}</UniqueIdentifier>
      <Extensions>rc;ico;cur;bmp;dlg;rc2;rct;bin;rgs;gif;jpg;jpeg;jpe;resx;tiff;tif;png;wav;mfcribbon-ms</Extensions>
    </Filter>
    <Filter Include="Source Files\Engine">
      <UniqueIdentifier>{4542d7d8-9d54-4169-989d-37000831113b}</UniqueIdentifier>
    </Filter>
    <Filter Include="Header Files\Engine">
      <UniqueIdentifier>{8077c3f7-4c3e-4984-8844-7f5447db8b66}</UniqueIdentifier>
    </Filter>
    <Filter Include="Header Files\Util">
      <UniqueIdentifier>{6dbcbfd0-7a8d-4703-b6ee-d00fd0d3876c}</UniqueIdentifier>
    </Filter>
    <Filter Include="Header Files\Engine\Graphics">
      <UniqueIdentifier>{d6db0eca-8259-4dc5-9447-f24f69a990ed}</UniqueIdentifier>
    </Filter>
    <Filter Include="Source Files\Engine\Graphics">
      <UniqueIdentifier>{35583a60-c867-4885-b650-23f8d94b5826}</UniqueIdentifier>
    </Filter>
    <Filter Include="Header Files\Engine\Component">
      <UniqueIdentifier>{f1722170-cc62-4119-a435-a9ecfa294bff}</UniqueIdentifier>
    </Filter>
    <Filter Include="Resource Files\Shaders">
      <UniqueIdentifier>{12e84a7a-8e8a-46d8-954a-32ab391976c1}</UniqueIdentifier>
    </Filter>
    <Filter Include="Header Files\Engine\Physics">
      <UniqueIdentifier>{b0c200a8-8f01-49d8-92a0-214ebfc307bb}</UniqueIdentifier>
    </Filter>
    <Filter Include="Source Files\Engine\Physics">
      <UniqueIdentifier>{1ed12d17-9f2c-41a5-8cb0-7aeaec87922b}</UniqueIdentifier>
    </Filter>
    <Filter Include="Header Files\Engine\UI">
      <UniqueIdentifier>{af32bc17-660e-4ee0-904a-e00b80ba51aa}</UniqueIdentifier>
    </Filter>
    <Filter Include="Source Files\Engine\UI">
      <UniqueIdentifier>{53af7ad2-6e30-40ac-87a4-de0e68d330c5}</UniqueIdentifier>
    </Filter>
  </ItemGroup>
  <ItemGroup>
    <ClInclude Include="include\Engine\window.h">
      <Filter>Header Files\Engine</Filter>
    </ClInclude>
    <ClInclude Include="include\Util\fileutil.h">
      <Filter>Header Files\Util</Filter>
    </ClInclude>
    <ClInclude Include="include\Engine\Graphics\shader.h">
      <Filter>Header Files\Engine\Graphics</Filter>
    </ClInclude>
    <ClInclude Include="include\Engine\Graphics\buffer.h">
      <Filter>Header Files\Engine\Graphics</Filter>
    </ClInclude>
    <ClInclude Include="include\Component\transform.h">
      <Filter>Header Files\Engine\Component</Filter>
    </ClInclude>
    <ClInclude Include="include\Component\component.h">
      <Filter>Header Files\Engine\Component</Filter>
    </ClInclude>
    <ClInclude Include="include\Engine\Graphics\Mesh.h">
      <Filter>Header Files\Engine\Graphics</Filter>
    </ClInclude>
    <ClInclude Include="include\Component\material.h">
      <Filter>Header Files\Engine\Component</Filter>
    </ClInclude>
    <ClInclude Include="include\Engine\gameObject.h">
      <Filter>Header Files\Engine</Filter>
    </ClInclude>
    <ClInclude Include="include\Engine\Graphics\Model.h">
      <Filter>Header Files\Engine\Graphics</Filter>
    </ClInclude>
    <ClInclude Include="include\Component\modelRenderer.h">
      <Filter>Header Files\Engine\Component</Filter>
    </ClInclude>
    <ClInclude Include="include\stb_image.h">
      <Filter>Header Files</Filter>
    </ClInclude>
    <ClInclude Include="include\Component\texture.h">
      <Filter>Header Files\Engine\Component</Filter>
    </ClInclude>
    <ClInclude Include="include\Engine\Graphics\SkyBox.h">
      <Filter>Header Files\Engine\Graphics</Filter>
    </ClInclude>
    <ClInclude Include="include\Engine\project.h">
      <Filter>Header Files\Engine</Filter>
    </ClInclude>
    <ClInclude Include="include\Engine\Scene.h">
      <Filter>Header Files\Engine</Filter>
    </ClInclude>
    <ClInclude Include="include\Engine\Engine.h">
      <Filter>Header Files\Engine</Filter>
    </ClInclude>
    <ClInclude Include="include\Engine\Physics\RayCast.h">
      <Filter>Header Files\Engine\Physics</Filter>
    </ClInclude>
    <ClInclude Include="include\Engine\Graphics\frameBuffer.h">
      <Filter>Header Files\Engine\Graphics</Filter>
    </ClInclude>
    <ClInclude Include="include\Engine\UI\TransformWindow.h">
      <Filter>Header Files\Engine\UI</Filter>
    </ClInclude>
    <ClInclude Include="include\Engine\Graphics\postProcessingStack.h">
      <Filter>Header Files\Engine\Graphics</Filter>
    </ClInclude>
    <ClInclude Include="include\Engine\Graphics\combineFilter.h">
      <Filter>Header Files\Engine\Graphics</Filter>
    </ClInclude>
    <ClInclude Include="include\Engine\Graphics\ssaoFilter.h">
      <Filter>Header Files\Engine\Graphics</Filter>
    </ClInclude>
    <ClInclude Include="include\Engine\Graphics\gBuffer.h">
      <Filter>Header Files\Engine\Graphics</Filter>
    </ClInclude>
    <ClInclude Include="include\Engine\UI\MaterialWindow.h">
      <Filter>Header Files\Engine\UI</Filter>
    </ClInclude>
    <ClInclude Include="include\Engine\Graphics\vertexArray.h">
      <Filter>Header Files\Engine\Graphics</Filter>
    </ClInclude>
    <ClInclude Include="include\Engine\Graphics\shadowBuffer.h">
      <Filter>Header Files\Engine\Graphics</Filter>
    </ClInclude>
  </ItemGroup>
  <ItemGroup>
    <ClCompile Include="src\Engine\window.cpp">
      <Filter>Source Files\Engine</Filter>
    </ClCompile>
    <ClCompile Include="src\main.cpp">
      <Filter>Source Files</Filter>
    </ClCompile>
    <ClCompile Include="src\Engine\Graphics\shader.cpp">
      <Filter>Source Files\Engine\Graphics</Filter>
    </ClCompile>
    <ClCompile Include="src\Engine\Graphics\buffer.cpp">
      <Filter>Source Files\Engine\Graphics</Filter>
    </ClCompile>
    <ClCompile Include="src\Engine\Graphics\vertexArray.cpp">
      <Filter>Source Files\Engine\Graphics</Filter>
    </ClCompile>
    <ClCompile Include="src\Engine\Graphics\Mesh.cpp">
      <Filter>Source Files\Engine\Graphics</Filter>
    </ClCompile>
    <ClCompile Include="src\Engine\Graphics\Model.cpp">
      <Filter>Source Files\Engine\Graphics</Filter>
    </ClCompile>
    <ClCompile Include="src\stb_image.c">
      <Filter>Source Files</Filter>
    </ClCompile>
    <ClCompile Include="src\Engine\Graphics\SkyBox.cpp">
      <Filter>Source Files\Engine\Graphics</Filter>
    </ClCompile>
    <ClCompile Include="src\glad.c">
      <Filter>Source Files</Filter>
    </ClCompile>
    <ClCompile Include="src\Engine\project.cpp">
      <Filter>Source Files\Engine</Filter>
    </ClCompile>
    <ClCompile Include="src\Engine\Engine.cpp">
      <Filter>Source Files\Engine</Filter>
    </ClCompile>
    <ClCompile Include="src\Engine\Scene.cpp">
      <Filter>Source Files\Engine</Filter>
    </ClCompile>
    <ClCompile Include="src\Engine\Physics\RayCast.cpp">
      <Filter>Source Files\Engine\Physics</Filter>
    </ClCompile>
    <ClCompile Include="src\Engine\Graphics\frameBuffer.cpp">
      <Filter>Source Files\Engine\Graphics</Filter>
    </ClCompile>
    <ClCompile Include="src\Engine\UI\TransformWindow.cpp">
      <Filter>Source Files\Engine\UI</Filter>
    </ClCompile>
    <ClCompile Include="src\Engine\Graphics\postProcessingStack.cpp">
      <Filter>Source Files\Engine\Graphics</Filter>
    </ClCompile>
    <ClCompile Include="src\Engine\Graphics\gBuffer.cpp">
      <Filter>Source Files\Engine\Graphics</Filter>
    </ClCompile>
    <ClCompile Include="src\Engine\UI\MaterialWindow.cpp">
      <Filter>Source Files\Engine\UI</Filter>
    </ClCompile>
    <ClCompile Include="src\Engine\Graphics\shadowBuffer.cpp">
      <Filter>Source Files\Engine\Graphics</Filter>
    </ClCompile>
  </ItemGroup>
</Project>